{
  "name": "asdfbot-core",
  "version": "0.1.0",
  "lockfileVersion": 1,
  "requires": true,
  "dependencies": {
    "linkedlist": {
      "version": "1.0.1",
      "resolved": "https://registry.npmjs.org/linkedlist/-/linkedlist-1.0.1.tgz",
      "integrity": "sha1-e3QYm/rW52Nn+1oQ88NpExKLeCs="
    }
  }
}
