{
  "name": "otherbot-client",
  "version": "0.1.0",
  "lockfileVersion": 1,
  "requires": true,
  "dependencies": {
    "irc-stream-parser": {
      "version": "0.1.0",
      "resolved": "https://registry.npmjs.org/irc-stream-parser/-/irc-stream-parser-0.1.0.tgz",
      "integrity": "sha512-RY0BMtxerle/inZqHFryuQ6LszMMB7yHXTSxqtKcX1BYG7nzr2/DUq3nUJeqXJacBXivIaIj0Tv0XQeOCOYmAA=="
    }
  }
}
